
Microsoft Visual Studio Solution File, Format Version 12.00
# Visual Studio Version 16
VisualStudioVersion = 16.0.29519.87
MinimumVisualStudioVersion = 10.0.40219.1
Project("{FAE04EC0-301F-11D3-BF4B-00C04F79EFBC}") = "Task_1", "Task_1\Task_1.csproj", "{0A3970B5-1136-440E-940F-DFCFA0695D28}"
EndProject
Project("{FAE04EC0-301F-11D3-BF4B-00C04F79EFBC}") = "Task_2", "Task_2\Task_2.csproj", "{BD8EDB4F-C1BC-4C15-8484-29ED39164A6A}"
EndProject
Global
	GlobalSection(SolutionConfigurationPlatforms) = preSolution
		Debug|Any CPU = Debug|Any CPU
		Release|Any CPU = Release|Any CPU
	EndGlobalSection
	GlobalSection(ProjectConfigurationPlatforms) = postSolution
		{0A3970B5-1136-440E-940F-DFCFA0695D28}.Debug|Any CPU.ActiveCfg = Debug|Any CPU
		{0A3970B5-1136-440E-940F-DFCFA0695D28}.Debug|Any CPU.Build.0 = Debug|Any CPU
		{0A3970B5-1136-440E-940F-DFCFA0695D28}.Release|Any CPU.ActiveCfg = Release|Any CPU
		{0A3970B5-1136-440E-940F-DFCFA0695D28}.Release|Any CPU.Build.0 = Release|Any CPU
		{BD8EDB4F-C1BC-4C15-8484-29ED39164A6A}.Debug|Any CPU.ActiveCfg = Debug|Any CPU
		{BD8EDB4F-C1BC-4C15-8484-29ED39164A6A}.Debug|Any CPU.Build.0 = Debug|Any CPU
		{BD8EDB4F-C1BC-4C15-8484-29ED39164A6A}.Release|Any CPU.ActiveCfg = Release|Any CPU
		{BD8EDB4F-C1BC-4C15-8484-29ED39164A6A}.Release|Any CPU.Build.0 = Release|Any CPU
	EndGlobalSection
	GlobalSection(SolutionProperties) = preSolution
		HideSolutionNode = FALSE
	EndGlobalSection
	GlobalSection(ExtensibilityGlobals) = postSolution
		SolutionGuid = {378CB798-F186-465D-926A-7342E40DB688}
	EndGlobalSection
EndGlobal
